
Microsoft Visual Studio Solution File, Format Version 12.00
# Visual Studio Version 17
VisualStudioVersion = 17.0.31903.59
MinimumVisualStudioVersion = 10.0.40219.1
Project("{9A19103F-16F7-4668-BE54-9A1E7A4F7556}") = "PhloxAPI", "PhloxAPI\PhloxAPI.csproj", "{04F5B34A-4043-42BF-B691-1731A4FF36EE}"
EndProject
Global
	GlobalSection(SolutionConfigurationPlatforms) = preSolution
		Debug|Any CPU = Debug|Any CPU
		Release|Any CPU = Release|Any CPU
	EndGlobalSection
	GlobalSection(ProjectConfigurationPlatforms) = postSolution
		{04F5B34A-4043-42BF-B691-1731A4FF36EE}.Debug|Any CPU.ActiveCfg = Debug|Any CPU
		{04F5B34A-4043-42BF-B691-1731A4FF36EE}.Debug|Any CPU.Build.0 = Debug|Any CPU
		{04F5B34A-4043-42BF-B691-1731A4FF36EE}.Release|Any CPU.ActiveCfg = Release|Any CPU
		{04F5B34A-4043-42BF-B691-1731A4FF36EE}.Release|Any CPU.Build.0 = Release|Any CPU
	EndGlobalSection
	GlobalSection(SolutionProperties) = preSolution
		HideSolutionNode = FALSE
	EndGlobalSection
	GlobalSection(ExtensibilityGlobals) = postSolution
		SolutionGuid = {8C617E32-B1F3-4236-8B47-397057002D04}
	EndGlobalSection
EndGlobal
